Microsoft Visual Studio Solution File, Format Version 12.00
# Visual Studio Version 17
VisualStudioVersion = 17.13.35919.96 d17.13
MinimumVisualStudioVersion = 10.0.40219.1
Project("{FAE04EC0-301F-11D3-BF4B-00C04F79EFBC}") = "AnprPlateRelayService", "AnprPlateRelayService\AnprPlateRelayService.csproj", "{876616B3-A35B-FEDC-287F-D9C0415811D6}"
EndProject
Project("{FAE04EC0-301F-11D3-BF4B-00C04F79EFBC}") = "AnprPlateRelayService.ConsoleTest", "AnprPlateRelayService.ConsoleTest\AnprPlateRelayService.ConsoleTest.csproj", "{4F90A713-F460-8996-CCAD-F9C5DCE7AB04}"
EndProject
Global
	GlobalSection(SolutionConfigurationPlatforms) = preSolution
		Debug|x64 = Debug|x64
		Debug|x86 = Debug|x86
		Release|x64 = Release|x64
		Release|x86 = Release|x86
	EndGlobalSection
	GlobalSection(ProjectConfigurationPlatforms) = postSolution
		{876616B3-A35B-FEDC-287F-D9C0415811D6}.Debug|x64.ActiveCfg = Debug|x64
		{876616B3-A35B-FEDC-287F-D9C0415811D6}.Debug|x64.Build.0 = Debug|x64
		{876616B3-A35B-FEDC-287F-D9C0415811D6}.Debug|x86.ActiveCfg = Debug|x86
		{876616B3-A35B-FEDC-287F-D9C0415811D6}.Debug|x86.Build.0 = Debug|x86
		{876616B3-A35B-FEDC-287F-D9C0415811D6}.Release|x64.ActiveCfg = Release|x64
		{876616B3-A35B-FEDC-287F-D9C0415811D6}.Release|x64.Build.0 = Release|x64
		{876616B3-A35B-FEDC-287F-D9C0415811D6}.Release|x86.ActiveCfg = Release|x86
		{876616B3-A35B-FEDC-287F-D9C0415811D6}.Release|x86.Build.0 = Release|x86
		{4F90A713-F460-8996-CCAD-F9C5DCE7AB04}.Debug|x64.ActiveCfg = Debug|x64
		{4F90A713-F460-8996-CCAD-F9C5DCE7AB04}.Debug|x64.Build.0 = Debug|x64
		{4F90A713-F460-8996-CCAD-F9C5DCE7AB04}.Debug|x86.ActiveCfg = Debug|x86
		{4F90A713-F460-8996-CCAD-F9C5DCE7AB04}.Debug|x86.Build.0 = Debug|x86
		{4F90A713-F460-8996-CCAD-F9C5DCE7AB04}.Release|x64.ActiveCfg = Release|x64
		{4F90A713-F460-8996-CCAD-F9C5DCE7AB04}.Release|x64.Build.0 = Release|x64
		{4F90A713-F460-8996-CCAD-F9C5DCE7AB04}.Release|x86.ActiveCfg = Release|x86
		{4F90A713-F460-8996-CCAD-F9C5DCE7AB04}.Release|x86.Build.0 = Release|x86
	EndGlobalSection
EndGlobal